
Microsoft Visual Studio Solution File, Format Version 12.00
# Visual Studio 14
VisualStudioVersion = 14.0.22823.1
MinimumVisualStudioVersion = 10.0.40219.1
Project("{FAE04EC0-301F-11D3-BF4B-00C04F79EFBC}") = "AzureDeployDev", "AzureDeployDev\AzureDeployDev.csproj", "{0EF6F683-4E1F-4EEA-9E8F-B3C321D5EBFA}"
EndProject
Project("{2150E333-8FDC-42A3-9474-1A3956D46DE8}") = "PublishScripts", "PublishScripts", "{A6D2B16A-A310-454D-84A8-BA42C4921D90}"
	ProjectSection(SolutionItems) = preProject
		PublishScripts\AzureWebsitePublishModule.psm1 = PublishScripts\AzureWebsitePublishModule.psm1
		PublishScripts\Publish-WebApplicationWebsite.ps1 = PublishScripts\Publish-WebApplicationWebsite.ps1
	EndProjectSection
EndProject
Project("{2150E333-8FDC-42A3-9474-1A3956D46DE8}") = "Configurations", "Configurations", "{881452DF-6DA2-4070-A26A-8CB516533144}"
	ProjectSection(SolutionItems) = preProject
		PublishScripts\Configurations\AzureDeployDev-WAWS-dev.json = PublishScripts\Configurations\AzureDeployDev-WAWS-dev.json
	EndProjectSection
EndProject
Global
	GlobalSection(SolutionConfigurationPlatforms) = preSolution
		Debug|Any CPU = Debug|Any CPU
		Release|Any CPU = Release|Any CPU
	EndGlobalSection
	GlobalSection(ProjectConfigurationPlatforms) = postSolution
		{0EF6F683-4E1F-4EEA-9E8F-B3C321D5EBFA}.Debug|Any CPU.ActiveCfg = Debug|Any CPU
		{0EF6F683-4E1F-4EEA-9E8F-B3C321D5EBFA}.Debug|Any CPU.Build.0 = Debug|Any CPU
		{0EF6F683-4E1F-4EEA-9E8F-B3C321D5EBFA}.Release|Any CPU.ActiveCfg = Release|Any CPU
		{0EF6F683-4E1F-4EEA-9E8F-B3C321D5EBFA}.Release|Any CPU.Build.0 = Release|Any CPU
	EndGlobalSection
	GlobalSection(SolutionProperties) = preSolution
		HideSolutionNode = FALSE
	EndGlobalSection
	GlobalSection(NestedProjects) = preSolution
		{881452DF-6DA2-4070-A26A-8CB516533144} = {A6D2B16A-A310-454D-84A8-BA42C4921D90}
	EndGlobalSection
EndGlobal
